// !$*UTF8*$!
{
	archiveVersion = 1;
	classes = {
	};
	objectVersion = 55;
	objects = {

/* Begin PBXBuildFile section */
		B1567B0B27D78FD8004ABBFD /* LandmarkDetail.swift in Sources */ = {isa = PBXBuildFile; fileRef = B1567B0A27D78FD8004ABBFD /* LandmarkDetail.swift */; };
		B1567B0D27D8BBC8004ABBFD /* FavoriteButton.swift in Sources */ = {isa = PBXBuildFile; fileRef = B1567B0C27D8BBC8004ABBFD /* FavoriteButton.swift */; };
		B1567B1127D8C4B5004ABBFD /* HexagonParameters.swift in Sources */ = {isa = PBXBuildFile; fileRef = B1567B1027D8C4B5004ABBFD /* HexagonParameters.swift */; };
		B1567B1327D8FE2B004ABBFD /* BadgeBackground.swift in Sources */ = {isa = PBXBuildFile; fileRef = B1567B1227D8FE2B004ABBFD /* BadgeBackground.swift */; };
		B1C83F9627D51DA30036D054 /* LandmarksApp.swift in Sources */ = {isa = PBXBuildFile; fileRef = B1C83F9527D51DA30036D054 /* LandmarksApp.swift */; };
		B1C83F9827D51DA30036D054 /* ContentView.swift in Sources */ = {isa = PBXBuildFile; fileRef = B1C83F9727D51DA30036D054 /* ContentView.swift */; };
		B1C83F9A27D51DA50036D054 /* Assets.xcassets in Resources */ = {isa = PBXBuildFile; fileRef = B1C83F9927D51DA50036D054 /* Assets.xcassets */; };
		B1C83F9D27D51DA50036D054 /* Preview Assets.xcassets in Resources */ = {isa = PBXBuildFile; fileRef = B1C83F9C27D51DA50036D054 /* Preview Assets.xcassets */; };
		B1C83FA427D52B180036D054 /* CircleImage.swift in Sources */ = {isa = PBXBuildFile; fileRef = B1C83FA327D52B180036D054 /* CircleImage.swift */; };
		B1C83FA627D52D0E0036D054 /* MapView.swift in Sources */ = {isa = PBXBuildFile; fileRef = B1C83FA527D52D0E0036D054 /* MapView.swift */; };
		B1C83FA827D538430036D054 /* landmarkData.json in Resources */ = {isa = PBXBuildFile; fileRef = B1C83FA727D538430036D054 /* landmarkData.json */; };
		B1C83FAA27D538700036D054 /* Landmark.swift in Sources */ = {isa = PBXBuildFile; fileRef = B1C83FA927D538700036D054 /* Landmark.swift */; };
		B1C83FAD27D637A60036D054 /* ModelData.swift in Sources */ = {isa = PBXBuildFile; fileRef = B1C83FAC27D637A60036D054 /* ModelData.swift */; };
		B1C83FB227D65F860036D054 /* LandmarkRow.swift in Sources */ = {isa = PBXBuildFile; fileRef = B1C83FB127D65F860036D054 /* LandmarkRow.swift */; };
		B1C83FB427D66CB70036D054 /* LandmarkList.swift in Sources */ = {isa = PBXBuildFile; fileRef = B1C83FB327D66CB70036D054 /* LandmarkList.swift */; };
		B1D89BF027D9ADDB00EE930B /* BadgeSymbol.swift in Sources */ = {isa = PBXBuildFile; fileRef = B1D89BEF27D9ADDB00EE930B /* BadgeSymbol.swift */; };
		B1D89BF227D9B78500EE930B /* RotatedBadgeSymbol.swift in Sources */ = {isa = PBXBuildFile; fileRef = B1D89BF127D9B78500EE930B /* RotatedBadgeSymbol.swift */; };
		B1D89BF427D9B84400EE930B /* Badge.swift in Sources */ = {isa = PBXBuildFile; fileRef = B1D89BF327D9B84400EE930B /* Badge.swift */; };
		B1D89BF727D9BB1300EE930B /* hikeData.json in Resources */ = {isa = PBXBuildFile; fileRef = B1D89BF627D9BB1300EE930B /* hikeData.json */; };
		B1D89BF927D9BB2C00EE930B /* Hike.swift in Sources */ = {isa = PBXBuildFile; fileRef = B1D89BF827D9BB2C00EE930B /* Hike.swift */; };
		B1D89BFF27D9BD3F00EE930B /* GraphCapsule.swift in Sources */ = {isa = PBXBuildFile; fileRef = B1D89BFB27D9BD3F00EE930B /* GraphCapsule.swift */; };
		B1D89C0027D9BD3F00EE930B /* HikeGraph.swift in Sources */ = {isa = PBXBuildFile; fileRef = B1D89BFC27D9BD3F00EE930B /* HikeGraph.swift */; };
		B1D89C0127D9BD3F00EE930B /* HikeDetail.swift in Sources */ = {isa = PBXBuildFile; fileRef = B1D89BFD27D9BD3F00EE930B /* HikeDetail.swift */; };
		B1D89C0227D9BD3F00EE930B /* HikeView.swift in Sources */ = {isa = PBXBuildFile; fileRef = B1D89BFE27D9BD3F00EE930B /* HikeView.swift */; };
		B1D89C0427D9D47200EE930B /* CategoryHome.swift in Sources */ = {isa = PBXBuildFile; fileRef = B1D89C0327D9D47200EE930B /* CategoryHome.swift */; };
		B1D89C0627D9DACE00EE930B /* CategoryRow.swift in Sources */ = {isa = PBXBuildFile; fileRef = B1D89C0527D9DACE00EE930B /* CategoryRow.swift */; };
		B1D89C0827D9DD8D00EE930B /* CategoryItem.swift in Sources */ = {isa = PBXBuildFile; fileRef = B1D89C0727D9DD8D00EE930B /* CategoryItem.swift */; };
		B1D89C0B27D9E66800EE930B /* Profile.swift in Sources */ = {isa = PBXBuildFile; fileRef = B1D89C0A27D9E66800EE930B /* Profile.swift */; };
		B1D89C0D27D9E71300EE930B /* ProfileHost.swift in Sources */ = {isa = PBXBuildFile; fileRef = B1D89C0C27D9E71300EE930B /* ProfileHost.swift */; };
		B1D89C0F27D9E82300EE930B /* ProfileSummary.swift in Sources */ = {isa = PBXBuildFile; fileRef = B1D89C0E27D9E82300EE930B /* ProfileSummary.swift */; };
		B1D89C1127D9E94700EE930B /* HikeBadge.swift in Sources */ = {isa = PBXBuildFile; fileRef = B1D89C1027D9E94700EE930B /* HikeBadge.swift */; };
		B1D89C1327DA618600EE930B /* ProfileEditor.swift in Sources */ = {isa = PBXBuildFile; fileRef = B1D89C1227DA618600EE930B /* ProfileEditor.swift */; };
		B1D99C1F27DBAC1500C2CEC8 /* PageViewController.swift in Sources */ = {isa = PBXBuildFile; fileRef = B1D99C1E27DBAC1500C2CEC8 /* PageViewController.swift */; };
		B1D99C2127DBAECA00C2CEC8 /* FeatureCard.swift in Sources */ = {isa = PBXBuildFile; fileRef = B1D99C2027DBAECA00C2CEC8 /* FeatureCard.swift */; };
		B1D99C2327DBB05200C2CEC8 /* PageView.swift in Sources */ = {isa = PBXBuildFile; fileRef = B1D99C2227DBB05200C2CEC8 /* PageView.swift */; };
		B1DF1FF327DF14A00089F92B /* PageControl.swift in Sources */ = {isa = PBXBuildFile; fileRef = B1DF1FF227DF149F0089F92B /* PageControl.swift */; };
		B1DF1FF927DF1C5D0089F92B /* Assets.xcassets in Resources */ = {isa = PBXBuildFile; fileRef = B1DF1FF827DF1C5D0089F92B /* Assets.xcassets */; };
		B1DF1FFF27DF1C5D0089F92B /* WatchLandmarks WatchKit Extension.appex in Embed App Extensions */ = {isa = PBXBuildFile; fileRef = B1DF1FFE27DF1C5D0089F92B /* WatchLandmarks WatchKit Extension.appex */; settings = {ATTRIBUTES = (RemoveHeadersOnCopy, ); }; };
		B1DF200627DF1C5D0089F92B /* ContentView.swift in Sources */ = {isa = PBXBuildFile; fileRef = B1DF200527DF1C5D0089F92B /* ContentView.swift */; };
		B1DF200827DF1C5D0089F92B /* NotificationController.swift in Sources */ = {isa = PBXBuildFile; fileRef = B1DF200727DF1C5D0089F92B /* NotificationController.swift */; };
		B1DF200A27DF1C5D0089F92B /* NotificationView.swift in Sources */ = {isa = PBXBuildFile; fileRef = B1DF200927DF1C5D0089F92B /* NotificationView.swift */; };
		B1DF200C27DF1C5D0089F92B /* ComplicationController.swift in Sources */ = {isa = PBXBuildFile; fileRef = B1DF200B27DF1C5D0089F92B /* ComplicationController.swift */; };
		B1DF200E27DF1C5E0089F92B /* Assets.xcassets in Resources */ = {isa = PBXBuildFile; fileRef = B1DF200D27DF1C5E0089F92B /* Assets.xcassets */; };
		B1DF201127DF1C5E0089F92B /* Preview Assets.xcassets in Resources */ = {isa = PBXBuildFile; fileRef = B1DF201027DF1C5E0089F92B /* Preview Assets.xcassets */; };
		B1DF201627DF1C5E0089F92B /* WatchLandmarks.app in Embed Watch Content */ = {isa = PBXBuildFile; fileRef = B1DF1FF627DF1C5B0089F92B /* WatchLandmarks.app */; settings = {ATTRIBUTES = (RemoveHeadersOnCopy, ); }; };
		B1DF201F27DF1E5B0089F92B /* CircleImage.swift in Sources */ = {isa = PBXBuildFile; fileRef = B1C83FA327D52B180036D054 /* CircleImage.swift */; };
		B1DF202027DF1E5B0089F92B /* ModelData.swift in Sources */ = {isa = PBXBuildFile; fileRef = B1C83FAC27D637A60036D054 /* ModelData.swift */; };
		B1DF202127DF1E5B0089F92B /* Hike.swift in Sources */ = {isa = PBXBuildFile; fileRef = B1D89BF827D9BB2C00EE930B /* Hike.swift */; };
		B1DF202227DF1E5B0089F92B /* LandmarkRow.swift in Sources */ = {isa = PBXBuildFile; fileRef = B1C83FB127D65F860036D054 /* LandmarkRow.swift */; };
		B1DF202327DF1E5B0089F92B /* landmarkData.json in Resources */ = {isa = PBXBuildFile; fileRef = B1C83FA727D538430036D054 /* landmarkData.json */; };
		B1DF202427DF1E5B0089F92B /* Landmark.swift in Sources */ = {isa = PBXBuildFile; fileRef = B1C83FA927D538700036D054 /* Landmark.swift */; };
		B1DF202527DF1E5B0089F92B /* LandmarksApp.swift in Sources */ = {isa = PBXBuildFile; fileRef = B1C83F9527D51DA30036D054 /* LandmarksApp.swift */; };
		B1DF202627DF1E5B0089F92B /* MapView.swift in Sources */ = {isa = PBXBuildFile; fileRef = B1C83FA527D52D0E0036D054 /* MapView.swift */; };
		B1DF202727DF1E5B0089F92B /* hikeData.json in Resources */ = {isa = PBXBuildFile; fileRef = B1D89BF627D9BB1300EE930B /* hikeData.json */; };
		B1DF202827DF1E5B0089F92B /* Profile.swift in Sources */ = {isa = PBXBuildFile; fileRef = B1D89C0A27D9E66800EE930B /* Profile.swift */; };
		B1DF202927DF1E5B0089F92B /* Assets.xcassets in Resources */ = {isa = PBXBuildFile; fileRef = B1C83F9927D51DA50036D054 /* Assets.xcassets */; };
		B1DF202A27DF1E5B0089F92B /* LandmarkList.swift in Sources */ = {isa = PBXBuildFile; fileRef = B1C83FB327D66CB70036D054 /* LandmarkList.swift */; };
		B1DF202D27DF230F0089F92B /* LandmarkDetail.swift in Sources */ = {isa = PBXBuildFile; fileRef = B1DF202C27DF230F0089F92B /* LandmarkDetail.swift */; };
/* End PBXBuildFile section */

/* Begin PBXContainerItemProxy section */
		B1DF200027DF1C5D0089F92B /* PBXContainerItemProxy */ = {
			isa = PBXContainerItemProxy;
			containerPortal = B1C83F8A27D51DA30036D054 /* Project object */;
			proxyType = 1;
			remoteGlobalIDString = B1DF1FFD27DF1C5D0089F92B;
			remoteInfo = "WatchLandmarks WatchKit Extension";
		};
		B1DF201427DF1C5E0089F92B /* PBXContainerItemProxy */ = {
			isa = PBXContainerItemProxy;
			containerPortal = B1C83F8A27D51DA30036D054 /* Project object */;
			proxyType = 1;
			remoteGlobalIDString = B1DF1FF527DF1C5B0089F92B;
			remoteInfo = WatchLandmarks;
		};
/* End PBXContainerItemProxy section */

/* Begin PBXCopyFilesBuildPhase section */
		B1DF201A27DF1C5E0089F92B /* Embed App Extensions */ = {
			isa = PBXCopyFilesBuildPhase;
			buildActionMask = 2147483647;
			dstPath = "";
			dstSubfolderSpec = 13;
			files = (
				B1DF1FFF27DF1C5D0089F92B /* WatchLandmarks WatchKit Extension.appex in Embed App Extensions */,
			);
			name = "Embed App Extensions";
			runOnlyForDeploymentPostprocessing = 0;
		};
		B1DF201E27DF1C5E0089F92B /* Embed Watch Content */ = {
			isa = PBXCopyFilesBuildPhase;
			buildActionMask = 2147483647;
			dstPath = "$(CONTENTS_FOLDER_PATH)/Watch";
			dstSubfolderSpec = 16;
			files = (
				B1DF201627DF1C5E0089F92B /* WatchLandmarks.app in Embed Watch Content */,
			);
			name = "Embed Watch Content";
			runOnlyForDeploymentPostprocessing = 0;
		};
/* End PBXCopyFilesBuildPhase section */

/* Begin PBXFileReference section */
		B1567B0A27D78FD8004ABBFD /* LandmarkDetail.swift */ = {isa = PBXFileReference; lastKnownFileType = sourcecode.swift; path = LandmarkDetail.swift; sourceTree = "<group>"; };
		B1567B0C27D8BBC8004ABBFD /* FavoriteButton.swift */ = {isa = PBXFileReference; lastKnownFileType = sourcecode.swift; path = FavoriteButton.swift; sourceTree = "<group>"; };
		B1567B1027D8C4B5004ABBFD /* HexagonParameters.swift */ = {isa = PBXFileReference; lastKnownFileType = sourcecode.swift; path = HexagonParameters.swift; sourceTree = "<group>"; };
		B1567B1227D8FE2B004ABBFD /* BadgeBackground.swift */ = {isa = PBXFileReference; lastKnownFileType = sourcecode.swift; path = BadgeBackground.swift; sourceTree = "<group>"; };
		B1C83F9227D51DA30036D054 /* Landmarks.app */ = {isa = PBXFileReference; explicitFileType = wrapper.application; includeInIndex = 0; path = Landmarks.app; sourceTree = BUILT_PRODUCTS_DIR; };
		B1C83F9527D51DA30036D054 /* LandmarksApp.swift */ = {isa = PBXFileReference; lastKnownFileType = sourcecode.swift; path = LandmarksApp.swift; sourceTree = "<group>"; };
		B1C83F9727D51DA30036D054 /* ContentView.swift */ = {isa = PBXFileReference; lastKnownFileType = sourcecode.swift; path = ContentView.swift; sourceTree = "<group>"; };
		B1C83F9927D51DA50036D054 /* Assets.xcassets */ = {isa = PBXFileReference; lastKnownFileType = folder.assetcatalog; path = Assets.xcassets; sourceTree = "<group>"; };
		B1C83F9C27D51DA50036D054 /* Preview Assets.xcassets */ = {isa = PBXFileReference; lastKnownFileType = folder.assetcatalog; path = "Preview Assets.xcassets"; sourceTree = "<group>"; };
		B1C83FA327D52B180036D054 /* CircleImage.swift */ = {isa = PBXFileReference; lastKnownFileType = sourcecode.swift; path = CircleImage.swift; sourceTree = "<group>"; };
		B1C83FA527D52D0E0036D054 /* MapView.swift */ = {isa = PBXFileReference; lastKnownFileType = sourcecode.swift; path = MapView.swift; sourceTree = "<group>"; };
		B1C83FA727D538430036D054 /* landmarkData.json */ = {isa = PBXFileReference; fileEncoding = 4; lastKnownFileType = text.json; path = landmarkData.json; sourceTree = "<group>"; };
		B1C83FA927D538700036D054 /* Landmark.swift */ = {isa = PBXFileReference; lastKnownFileType = sourcecode.swift; path = Landmark.swift; sourceTree = "<group>"; };
		B1C83FAC27D637A60036D054 /* ModelData.swift */ = {isa = PBXFileReference; lastKnownFileType = sourcecode.swift; path = ModelData.swift; sourceTree = "<group>"; };
		B1C83FB127D65F860036D054 /* LandmarkRow.swift */ = {isa = PBXFileReference; lastKnownFileType = sourcecode.swift; path = LandmarkRow.swift; sourceTree = "<group>"; };
		B1C83FB327D66CB70036D054 /* LandmarkList.swift */ = {isa = PBXFileReference; lastKnownFileType = sourcecode.swift; path = LandmarkList.swift; sourceTree = "<group>"; };
		B1D89BEF27D9ADDB00EE930B /* BadgeSymbol.swift */ = {isa = PBXFileReference; lastKnownFileType = sourcecode.swift; path = BadgeSymbol.swift; sourceTree = "<group>"; };
		B1D89BF127D9B78500EE930B /* RotatedBadgeSymbol.swift */ = {isa = PBXFileReference; lastKnownFileType = sourcecode.swift; path = RotatedBadgeSymbol.swift; sourceTree = "<group>"; };
		B1D89BF327D9B84400EE930B /* Badge.swift */ = {isa = PBXFileReference; lastKnownFileType = sourcecode.swift; path = Badge.swift; sourceTree = "<group>"; };
		B1D89BF627D9BB1300EE930B /* hikeData.json */ = {isa = PBXFileReference; fileEncoding = 4; lastKnownFileType = text.json; path = hikeData.json; sourceTree = "<group>"; };
		B1D89BF827D9BB2C00EE930B /* Hike.swift */ = {isa = PBXFileReference; lastKnownFileType = sourcecode.swift; path = Hike.swift; sourceTree = "<group>"; };
		B1D89BFB27D9BD3F00EE930B /* GraphCapsule.swift */ = {isa = PBXFileReference; fileEncoding = 4; lastKnownFileType = sourcecode.swift; path = GraphCapsule.swift; sourceTree = "<group>"; };
		B1D89BFC27D9BD3F00EE930B /* HikeGraph.swift */ = {isa = PBXFileReference; fileEncoding = 4; lastKnownFileType = sourcecode.swift; path = HikeGraph.swift; sourceTree = "<group>"; };
		B1D89BFD27D9BD3F00EE930B /* HikeDetail.swift */ = {isa = PBXFileReference; fileEncoding = 4; lastKnownFileType = sourcecode.swift; path = HikeDetail.swift; sourceTree = "<group>"; };
		B1D89BFE27D9BD3F00EE930B /* HikeView.swift */ = {isa = PBXFileReference; fileEncoding = 4; lastKnownFileType = sourcecode.swift; path = HikeView.swift; sourceTree = "<group>"; };
		B1D89C0327D9D47200EE930B /* CategoryHome.swift */ = {isa = PBXFileReference; lastKnownFileType = sourcecode.swift; path = CategoryHome.swift; sourceTree = "<group>"; };
		B1D89C0527D9DACE00EE930B /* CategoryRow.swift */ = {isa = PBXFileReference; lastKnownFileType = sourcecode.swift; path = CategoryRow.swift; sourceTree = "<group>"; };
		B1D89C0727D9DD8D00EE930B /* CategoryItem.swift */ = {isa = PBXFileReference; lastKnownFileType = sourcecode.swift; path = CategoryItem.swift; sourceTree = "<group>"; };
		B1D89C0A27D9E66800EE930B /* Profile.swift */ = {isa = PBXFileReference; lastKnownFileType = sourcecode.swift; path = Profile.swift; sourceTree = "<group>"; };
		B1D89C0C27D9E71300EE930B /* ProfileHost.swift */ = {isa = PBXFileReference; lastKnownFileType = sourcecode.swift; path = ProfileHost.swift; sourceTree = "<group>"; };
		B1D89C0E27D9E82300EE930B /* ProfileSummary.swift */ = {isa = PBXFileReference; lastKnownFileType = sourcecode.swift; path = ProfileSummary.swift; sourceTree = "<group>"; };
		B1D89C1027D9E94700EE930B /* HikeBadge.swift */ = {isa = PBXFileReference; lastKnownFileType = sourcecode.swift; path = HikeBadge.swift; sourceTree = "<group>"; };
		B1D89C1227DA618600EE930B /* ProfileEditor.swift */ = {isa = PBXFileReference; lastKnownFileType = sourcecode.swift; path = ProfileEditor.swift; sourceTree = "<group>"; };
		B1D99C1E27DBAC1500C2CEC8 /* PageViewController.swift */ = {isa = PBXFileReference; lastKnownFileType = sourcecode.swift; path = PageViewController.swift; sourceTree = "<group>"; };
		B1D99C2027DBAECA00C2CEC8 /* FeatureCard.swift */ = {isa = PBXFileReference; lastKnownFileType = sourcecode.swift; path = FeatureCard.swift; sourceTree = "<group>"; };
		B1D99C2227DBB05200C2CEC8 /* PageView.swift */ = {isa = PBXFileReference; lastKnownFileType = sourcecode.swift; path = PageView.swift; sourceTree = "<group>"; };
		B1DF1FF227DF149F0089F92B /* PageControl.swift */ = {isa = PBXFileReference; lastKnownFileType = sourcecode.swift; path = PageControl.swift; sourceTree = "<group>"; };
		B1DF1FF627DF1C5B0089F92B /* WatchLandmarks.app */ = {isa = PBXFileReference; explicitFileType = wrapper.application; includeInIndex = 0; path = WatchLandmarks.app; sourceTree = BUILT_PRODUCTS_DIR; };
		B1DF1FF827DF1C5D0089F92B /* Assets.xcassets */ = {isa = PBXFileReference; lastKnownFileType = folder.assetcatalog; path = Assets.xcassets; sourceTree = "<group>"; };
		B1DF1FFE27DF1C5D0089F92B /* WatchLandmarks WatchKit Extension.appex */ = {isa = PBXFileReference; explicitFileType = "wrapper.app-extension"; includeInIndex = 0; path = "WatchLandmarks WatchKit Extension.appex"; sourceTree = BUILT_PRODUCTS_DIR; };
		B1DF200527DF1C5D0089F92B /* ContentView.swift */ = {isa = PBXFileReference; lastKnownFileType = sourcecode.swift; path = ContentView.swift; sourceTree = "<group>"; };
		B1DF200727DF1C5D0089F92B /* NotificationController.swift */ = {isa = PBXFileReference; lastKnownFileType = sourcecode.swift; path = NotificationController.swift; sourceTree = "<group>"; };
		B1DF200927DF1C5D0089F92B /* NotificationView.swift */ = {isa = PBXFileReference; lastKnownFileType = sourcecode.swift; path = NotificationView.swift; sourceTree = "<group>"; };
		B1DF200B27DF1C5D0089F92B /* ComplicationController.swift */ = {isa = PBXFileReference; lastKnownFileType = sourcecode.swift; path = ComplicationController.swift; sourceTree = "<group>"; };
		B1DF200D27DF1C5E0089F92B /* Assets.xcassets */ = {isa = PBXFileReference; lastKnownFileType = folder.assetcatalog; path = Assets.xcassets; sourceTree = "<group>"; };
		B1DF201027DF1C5E0089F92B /* Preview Assets.xcassets */ = {isa = PBXFileReference; lastKnownFileType = folder.assetcatalog; path = "Preview Assets.xcassets"; sourceTree = "<group>"; };
		B1DF201227DF1C5E0089F92B /* Info.plist */ = {isa = PBXFileReference; lastKnownFileType = text.plist.xml; path = Info.plist; sourceTree = "<group>"; };
		B1DF201327DF1C5E0089F92B /* PushNotificationPayload.apns */ = {isa = PBXFileReference; lastKnownFileType = text; path = PushNotificationPayload.apns; sourceTree = "<group>"; };
		B1DF202C27DF230F0089F92B /* LandmarkDetail.swift */ = {isa = PBXFileReference; lastKnownFileType = sourcecode.swift; path = LandmarkDetail.swift; sourceTree = "<group>"; };
/* End PBXFileReference section */

/* Begin PBXFrameworksBuildPhase section */
		B1C83F8F27D51DA30036D054 /* Frameworks */ = {
			isa = PBXFrameworksBuildPhase;
			buildActionMask = 2147483647;
			files = (
			);
			runOnlyForDeploymentPostprocessing = 0;
		};
		B1DF1FFB27DF1C5D0089F92B /* Frameworks */ = {
			isa = PBXFrameworksBuildPhase;
			buildActionMask = 2147483647;
			files = (
			);
			runOnlyForDeploymentPostprocessing = 0;
		};
/* End PBXFrameworksBuildPhase section */

/* Begin PBXGroup section */
		B1567B0E27D8BE25004ABBFD /* Landmarks */ = {
			isa = PBXGroup;
			children = (
				B1C83FB127D65F860036D054 /* LandmarkRow.swift */,
				B1C83FB327D66CB70036D054 /* LandmarkList.swift */,
				B1567B0A27D78FD8004ABBFD /* LandmarkDetail.swift */,
			);
			path = Landmarks;
			sourceTree = "<group>";
		};
		B1567B0F27D8BE38004ABBFD /* Helpers */ = {
			isa = PBXGroup;
			children = (
				B1C83FA327D52B180036D054 /* CircleImage.swift */,
				B1C83FA527D52D0E0036D054 /* MapView.swift */,
				B1567B0C27D8BBC8004ABBFD /* FavoriteButton.swift */,
			);
			path = Helpers;
			sourceTree = "<group>";
		};
		B1C83F8927D51DA30036D054 = {
			isa = PBXGroup;
			children = (
				B1C83F9427D51DA30036D054 /* Landmarks */,
				B1DF1FF727DF1C5B0089F92B /* WatchLandmarks */,
				B1DF200227DF1C5D0089F92B /* WatchLandmarks WatchKit Extension */,
				B1C83F9327D51DA30036D054 /* Products */,
			);
			sourceTree = "<group>";
		};
		B1C83F9327D51DA30036D054 /* Products */ = {
			isa = PBXGroup;
			children = (
				B1C83F9227D51DA30036D054 /* Landmarks.app */,
				B1DF1FF627DF1C5B0089F92B /* WatchLandmarks.app */,
				B1DF1FFE27DF1C5D0089F92B /* WatchLandmarks WatchKit Extension.appex */,
			);
			name = Products;
			sourceTree = "<group>";
		};
		B1C83F9427D51DA30036D054 /* Landmarks */ = {
			isa = PBXGroup;
			children = (
				B1C83F9527D51DA30036D054 /* LandmarksApp.swift */,
				B1C83FAE27D638EE0036D054 /* Views */,
				B1C83FAF27D638FB0036D054 /* Model */,
				B1D89BFA27D9BD3F00EE930B /* Hikes */,
				B1C83FB027D6390A0036D054 /* Resources */,
				B1C83F9927D51DA50036D054 /* Assets.xcassets */,
				B1C83F9B27D51DA50036D054 /* Preview Content */,
			);
			path = Landmarks;
			sourceTree = "<group>";
		};
		B1C83F9B27D51DA50036D054 /* Preview Content */ = {
			isa = PBXGroup;
			children = (
				B1C83F9C27D51DA50036D054 /* Preview Assets.xcassets */,
			);
			path = "Preview Content";
			sourceTree = "<group>";
		};
		B1C83FAE27D638EE0036D054 /* Views */ = {
			isa = PBXGroup;
			children = (
				B1C83F9727D51DA30036D054 /* ContentView.swift */,
				B1567B0E27D8BE25004ABBFD /* Landmarks */,
				B1567B0F27D8BE38004ABBFD /* Helpers */,
				B1D89BF527D9BA5700EE930B /* Bagdes */,
				B1D89C0927D9E64B00EE930B /* Categories */,
				B1D99C1D27DBABCB00C2CEC8 /* Profiles */,
				B1DF202B27DF22EB0089F92B /* PageViews */,
			);
			path = Views;
			sourceTree = "<group>";
		};
		B1C83FAF27D638FB0036D054 /* Model */ = {
			isa = PBXGroup;
			children = (
				B1C83FAC27D637A60036D054 /* ModelData.swift */,
				B1C83FA927D538700036D054 /* Landmark.swift */,
				B1D89BF827D9BB2C00EE930B /* Hike.swift */,
				B1D89C0A27D9E66800EE930B /* Profile.swift */,
			);
			path = Model;
			sourceTree = "<group>";
		};
		B1C83FB027D6390A0036D054 /* Resources */ = {
			isa = PBXGroup;
			children = (
				B1C83FA727D538430036D054 /* landmarkData.json */,
				B1D89BF627D9BB1300EE930B /* hikeData.json */,
			);
			path = Resources;
			sourceTree = "<group>";
		};
		B1D89BF527D9BA5700EE930B /* Bagdes */ = {
			isa = PBXGroup;
			children = (
				B1D89BF327D9B84400EE930B /* Badge.swift */,
				B1567B1227D8FE2B004ABBFD /* BadgeBackground.swift */,
				B1D89BEF27D9ADDB00EE930B /* BadgeSymbol.swift */,
				B1D89BF127D9B78500EE930B /* RotatedBadgeSymbol.swift */,
				B1567B1027D8C4B5004ABBFD /* HexagonParameters.swift */,
			);
			path = Bagdes;
			sourceTree = "<group>";
		};
		B1D89BFA27D9BD3F00EE930B /* Hikes */ = {
			isa = PBXGroup;
			children = (
				B1D89C1027D9E94700EE930B /* HikeBadge.swift */,
				B1D89BFB27D9BD3F00EE930B /* GraphCapsule.swift */,
				B1D89BFC27D9BD3F00EE930B /* HikeGraph.swift */,
				B1D89BFD27D9BD3F00EE930B /* HikeDetail.swift */,
				B1D89BFE27D9BD3F00EE930B /* HikeView.swift */,
			);
			path = Hikes;
			sourceTree = "<group>";
		};
		B1D89C0927D9E64B00EE930B /* Categories */ = {
			isa = PBXGroup;
			children = (
				B1D89C0327D9D47200EE930B /* CategoryHome.swift */,
				B1D89C0527D9DACE00EE930B /* CategoryRow.swift */,
				B1D89C0727D9DD8D00EE930B /* CategoryItem.swift */,
			);
			path = Categories;
			sourceTree = "<group>";
		};
		B1D99C1D27DBABCB00C2CEC8 /* Profiles */ = {
			isa = PBXGroup;
			children = (
				B1D89C0C27D9E71300EE930B /* ProfileHost.swift */,
				B1D89C0E27D9E82300EE930B /* ProfileSummary.swift */,
				B1D89C1227DA618600EE930B /* ProfileEditor.swift */,
			);
			path = Profiles;
			sourceTree = "<group>";
		};
		B1DF1FF727DF1C5B0089F92B /* WatchLandmarks */ = {
			isa = PBXGroup;
			children = (
				B1DF1FF827DF1C5D0089F92B /* Assets.xcassets */,
			);
			path = WatchLandmarks;
			sourceTree = "<group>";
		};
		B1DF200227DF1C5D0089F92B /* WatchLandmarks WatchKit Extension */ = {
			isa = PBXGroup;
			children = (
				B1DF202C27DF230F0089F92B /* LandmarkDetail.swift */,
				B1DF200527DF1C5D0089F92B /* ContentView.swift */,
				B1DF200727DF1C5D0089F92B /* NotificationController.swift */,
				B1DF200927DF1C5D0089F92B /* NotificationView.swift */,
				B1DF200B27DF1C5D0089F92B /* ComplicationController.swift */,
				B1DF200D27DF1C5E0089F92B /* Assets.xcassets */,
				B1DF201227DF1C5E0089F92B /* Info.plist */,
				B1DF201327DF1C5E0089F92B /* PushNotificationPayload.apns */,
				B1DF200F27DF1C5E0089F92B /* Preview Content */,
			);
			path = "WatchLandmarks WatchKit Extension";
			sourceTree = "<group>";
		};
		B1DF200F27DF1C5E0089F92B /* Preview Content */ = {
			isa = PBXGroup;
			children = (
				B1DF201027DF1C5E0089F92B /* Preview Assets.xcassets */,
			);
			path = "Preview Content";
			sourceTree = "<group>";
		};
		B1DF202B27DF22EB0089F92B /* PageViews */ = {
			isa = PBXGroup;
			children = (
				B1D99C1E27DBAC1500C2CEC8 /* PageViewController.swift */,
				B1D99C2027DBAECA00C2CEC8 /* FeatureCard.swift */,
				B1D99C2227DBB05200C2CEC8 /* PageView.swift */,
				B1DF1FF227DF149F0089F92B /* PageControl.swift */,
			);
			path = PageViews;
			sourceTree = "<group>";
		};
/* End PBXGroup section */

/* Begin PBXNativeTarget section */
		B1C83F9127D51DA30036D054 /* Landmarks */ = {
			isa = PBXNativeTarget;
			buildConfigurationList = B1C83FA027D51DA50036D054 /* Build configuration list for PBXNativeTarget "Landmarks" */;
			buildPhases = (
				B1C83F8E27D51DA30036D054 /* Sources */,
				B1C83F8F27D51DA30036D054 /* Frameworks */,
				B1C83F9027D51DA30036D054 /* Resources */,
				B1DF201E27DF1C5E0089F92B /* Embed Watch Content */,
			);
			buildRules = (
			);
			dependencies = (
				B1DF201527DF1C5E0089F92B /* PBXTargetDependency */,
			);
			name = Landmarks;
			productName = Landmarks;
			productReference = B1C83F9227D51DA30036D054 /* Landmarks.app */;
			productType = "com.apple.product-type.application";
		};
		B1DF1FF527DF1C5B0089F92B /* WatchLandmarks */ = {
			isa = PBXNativeTarget;
			buildConfigurationList = B1DF201B27DF1C5E0089F92B /* Build configuration list for PBXNativeTarget "WatchLandmarks" */;
			buildPhases = (
				B1DF1FF427DF1C5B0089F92B /* Resources */,
				B1DF201A27DF1C5E0089F92B /* Embed App Extensions */,
			);
			buildRules = (
			);
			dependencies = (
				B1DF200127DF1C5D0089F92B /* PBXTargetDependency */,
			);
			name = WatchLandmarks;
			productName = WatchLandmarks;
			productReference = B1DF1FF627DF1C5B0089F92B /* WatchLandmarks.app */;
			productType = "com.apple.product-type.application.watchapp2";
		};
		B1DF1FFD27DF1C5D0089F92B /* WatchLandmarks WatchKit Extension */ = {
			isa = PBXNativeTarget;
			buildConfigurationList = B1DF201727DF1C5E0089F92B /* Build configuration list for PBXNativeTarget "WatchLandmarks WatchKit Extension" */;
			buildPhases = (
				B1DF1FFA27DF1C5D0089F92B /* Sources */,
				B1DF1FFB27DF1C5D0089F92B /* Frameworks */,
				B1DF1FFC27DF1C5D0089F92B /* Resources */,
			);
			buildRules = (
			);
			dependencies = (
			);
			name = "WatchLandmarks WatchKit Extension";
			productName = "WatchLandmarks WatchKit Extension";
			productReference = B1DF1FFE27DF1C5D0089F92B /* WatchLandmarks WatchKit Extension.appex */;
			productType = "com.apple.product-type.watchkit2-extension";
		};
/* End PBXNativeTarget section */

/* Begin PBXProject section */
		B1C83F8A27D51DA30036D054 /* Project object */ = {
			isa = PBXProject;
			attributes = {
				BuildIndependentTargetsInParallel = 1;
				LastSwiftUpdateCheck = 1320;
				LastUpgradeCheck = 1320;
				TargetAttributes = {
					B1C83F9127D51DA30036D054 = {
						CreatedOnToolsVersion = 13.2.1;
					};
					B1DF1FF527DF1C5B0089F92B = {
						CreatedOnToolsVersion = 13.2.1;
					};
					B1DF1FFD27DF1C5D0089F92B = {
						CreatedOnToolsVersion = 13.2.1;
					};
				};
			};
			buildConfigurationList = B1C83F8D27D51DA30036D054 /* Build configuration list for PBXProject "Landmarks" */;
			compatibilityVersion = "Xcode 13.0";
			developmentRegion = en;
			hasScannedForEncodings = 0;
			knownRegions = (
				en,
				Base,
			);
			mainGroup = B1C83F8927D51DA30036D054;
			productRefGroup = B1C83F9327D51DA30036D054 /* Products */;
			projectDirPath = "";
			projectRoot = "";
			targets = (
				B1C83F9127D51DA30036D054 /* Landmarks */,
				B1DF1FF527DF1C5B0089F92B /* WatchLandmarks */,
				B1DF1FFD27DF1C5D0089F92B /* WatchLandmarks WatchKit Extension */,
			);
		};
/* End PBXProject section */

/* Begin PBXResourcesBuildPhase section */
		B1C83F9027D51DA30036D054 /* Resources */ = {
			isa = PBXResourcesBuildPhase;
			buildActionMask = 2147483647;
			files = (
				B1D89BF727D9BB1300EE930B /* hikeData.json in Resources */,
				B1C83F9D27D51DA50036D054 /* Preview Assets.xcassets in Resources */,
				B1C83F9A27D51DA50036D054 /* Assets.xcassets in Resources */,
				B1C83FA827D538430036D054 /* landmarkData.json in Resources */,
			);
			runOnlyForDeploymentPostprocessing = 0;
		};
		B1DF1FF427DF1C5B0089F92B /* Resources */ = {
			isa = PBXResourcesBuildPhase;
			buildActionMask = 2147483647;
			files = (
				B1DF1FF927DF1C5D0089F92B /* Assets.xcassets in Resources */,
			);
			runOnlyForDeploymentPostprocessing = 0;
		};
		B1DF1FFC27DF1C5D0089F92B /* Resources */ = {
			isa = PBXResourcesBuildPhase;
			buildActionMask = 2147483647;
			files = (
				B1DF202727DF1E5B0089F92B /* hikeData.json in Resources */,
				B1DF201127DF1C5E0089F92B /* Preview Assets.xcassets in Resources */,
				B1DF200E27DF1C5E0089F92B /* Assets.xcassets in Resources */,
				B1DF202327DF1E5B0089F92B /* landmarkData.json in Resources */,
				B1DF202927DF1E5B0089F92B /* Assets.xcassets in Resources */,
			);
			runOnlyForDeploymentPostprocessing = 0;
		};
/* End PBXResourcesBuildPhase section */

/* Begin PBXSourcesBuildPhase section */
		B1C83F8E27D51DA30036D054 /* Sources */ = {
			isa = PBXSourcesBuildPhase;
			buildActionMask = 2147483647;
			files = (
				B1D89C0627D9DACE00EE930B /* CategoryRow.swift in Sources */,
				B1D89C0B27D9E66800EE930B /* Profile.swift in Sources */,
				B1C83F9827D51DA30036D054 /* ContentView.swift in Sources */,
				B1D89C0427D9D47200EE930B /* CategoryHome.swift in Sources */,
				B1D99C2127DBAECA00C2CEC8 /* FeatureCard.swift in Sources */,
				B1D89C0027D9BD3F00EE930B /* HikeGraph.swift in Sources */,
				B1D89BF427D9B84400EE930B /* Badge.swift in Sources */,
				B1C83FA627D52D0E0036D054 /* MapView.swift in Sources */,
				B1D89BFF27D9BD3F00EE930B /* GraphCapsule.swift in Sources */,
				B1C83F9627D51DA30036D054 /* LandmarksApp.swift in Sources */,
				B1DF1FF327DF14A00089F92B /* PageControl.swift in Sources */,
				B1567B0D27D8BBC8004ABBFD /* FavoriteButton.swift in Sources */,
				B1D89C0827D9DD8D00EE930B /* CategoryItem.swift in Sources */,
				B1D89C0127D9BD3F00EE930B /* HikeDetail.swift in Sources */,
				B1D89C0F27D9E82300EE930B /* ProfileSummary.swift in Sources */,
				B1567B1127D8C4B5004ABBFD /* HexagonParameters.swift in Sources */,
				B1D89C0D27D9E71300EE930B /* ProfileHost.swift in Sources */,
				B1D89BF927D9BB2C00EE930B /* Hike.swift in Sources */,
				B1D89BF227D9B78500EE930B /* RotatedBadgeSymbol.swift in Sources */,
				B1D89BF027D9ADDB00EE930B /* BadgeSymbol.swift in Sources */,
				B1D89C1327DA618600EE930B /* ProfileEditor.swift in Sources */,
				B1C83FB427D66CB70036D054 /* LandmarkList.swift in Sources */,
				B1D89C0227D9BD3F00EE930B /* HikeView.swift in Sources */,
				B1567B0B27D78FD8004ABBFD /* LandmarkDetail.swift in Sources */,
				B1D99C1F27DBAC1500C2CEC8 /* PageViewController.swift in Sources */,
				B1567B1327D8FE2B004ABBFD /* BadgeBackground.swift in Sources */,
				B1D89C1127D9E94700EE930B /* HikeBadge.swift in Sources */,
				B1C83FA427D52B180036D054 /* CircleImage.swift in Sources */,
				B1C83FAA27D538700036D054 /* Landmark.swift in Sources */,
				B1C83FB227D65F860036D054 /* LandmarkRow.swift in Sources */,
				B1D99C2327DBB05200C2CEC8 /* PageView.swift in Sources */,
				B1C83FAD27D637A60036D054 /* ModelData.swift in Sources */,
			);
			runOnlyForDeploymentPostprocessing = 0;
		};
		B1DF1FFA27DF1C5D0089F92B /* Sources */ = {
			isa = PBXSourcesBuildPhase;
			buildActionMask = 2147483647;
			files = (
				B1DF200827DF1C5D0089F92B /* NotificationController.swift in Sources */,
				B1DF202827DF1E5B0089F92B /* Profile.swift in Sources */,
				B1DF200627DF1C5D0089F92B /* ContentView.swift in Sources */,
				B1DF200C27DF1C5D0089F92B /* ComplicationController.swift in Sources */,
				B1DF202A27DF1E5B0089F92B /* LandmarkList.swift in Sources */,
				B1DF202627DF1E5B0089F92B /* MapView.swift in Sources */,
				B1DF202D27DF230F0089F92B /* LandmarkDetail.swift in Sources */,
				B1DF202527DF1E5B0089F92B /* LandmarksApp.swift in Sources */,
				B1DF202127DF1E5B0089F92B /* Hike.swift in Sources */,
				B1DF200A27DF1C5D0089F92B /* NotificationView.swift in Sources */,
				B1DF202427DF1E5B0089F92B /* Landmark.swift in Sources */,
				B1DF201F27DF1E5B0089F92B /* CircleImage.swift in Sources */,
				B1DF202227DF1E5B0089F92B /* LandmarkRow.swift in Sources */,
				B1DF202027DF1E5B0089F92B /* ModelData.swift in Sources */,
			);
			runOnlyForDeploymentPostprocessing = 0;
		};
/* End PBXSourcesBuildPhase section */

/* Begin PBXTargetDependency section */
		B1DF200127DF1C5D0089F92B /* PBXTargetDependency */ = {
			isa = PBXTargetDependency;
			target = B1DF1FFD27DF1C5D0089F92B /* WatchLandmarks WatchKit Extension */;
			targetProxy = B1DF200027DF1C5D0089F92B /* PBXContainerItemProxy */;
		};
		B1DF201527DF1C5E0089F92B /* PBXTargetDependency */ = {
			isa = PBXTargetDependency;
			target = B1DF1FF527DF1C5B0089F92B /* WatchLandmarks */;
			targetProxy = B1DF201427DF1C5E0089F92B /* PBXContainerItemProxy */;
		};
/* End PBXTargetDependency section */

/* Begin XCBuildConfiguration section */
		B1C83F9E27D51DA50036D054 /* Debug */ = {
			isa = XCBuildConfiguration;
			buildSettings = {
				ALWAYS_SEARCH_USER_PATHS = NO;
				CLANG_ANALYZER_NONNULL = YES;
				CLANG_ANALYZER_NUMBER_OBJECT_CONVERSION = YES_AGGRESSIVE;
				CLANG_CXX_LANGUAGE_STANDARD = "gnu++17";
				CLANG_CXX_LIBRARY = "libc++";
				CLANG_ENABLE_MODULES = YES;
				CLANG_ENABLE_OBJC_ARC = YES;
				CLANG_ENABLE_OBJC_WEAK = YES;
				CLANG_WARN_BLOCK_CAPTURE_AUTORELEASING = YES;
				CLANG_WARN_BOOL_CONVERSION = YES;
				CLANG_WARN_COMMA = YES;
				CLANG_WARN_CONSTANT_CONVERSION = YES;
				CLANG_WARN_DEPRECATED_OBJC_IMPLEMENTATIONS = YES;
				CLANG_WARN_DIRECT_OBJC_ISA_USAGE = YES_ERROR;
				CLANG_WARN_DOCUMENTATION_COMMENTS = YES;
				CLANG_WARN_EMPTY_BODY = YES;
				CLANG_WARN_ENUM_CONVERSION = YES;
				CLANG_WARN_INFINITE_RECURSION = YES;
				CLANG_WARN_INT_CONVERSION = YES;
				CLANG_WARN_NON_LITERAL_NULL_CONVERSION = YES;
				CLANG_WARN_OBJC_IMPLICIT_RETAIN_SELF = YES;
				CLANG_WARN_OBJC_LITERAL_CONVERSION = YES;
				CLANG_WARN_OBJC_ROOT_CLASS = YES_ERROR;
				CLANG_WARN_QUOTED_INCLUDE_IN_FRAMEWORK_HEADER = YES;
				CLANG_WARN_RANGE_LOOP_ANALYSIS = YES;
				CLANG_WARN_STRICT_PROTOTYPES = YES;
				CLANG_WARN_SUSPICIOUS_MOVE = YES;
				CLANG_WARN_UNGUARDED_AVAILABILITY = YES_AGGRESSIVE;
				CLANG_WARN_UNREACHABLE_CODE = YES;
				CLANG_WARN__DUPLICATE_METHOD_MATCH = YES;
				COPY_PHASE_STRIP = NO;
				DEBUG_INFORMATION_FORMAT = dwarf;
				ENABLE_STRICT_OBJC_MSGSEND = YES;
				ENABLE_TESTABILITY = YES;
				GCC_C_LANGUAGE_STANDARD = gnu11;
				GCC_DYNAMIC_NO_PIC = NO;
				GCC_NO_COMMON_BLOCKS = YES;
				GCC_OPTIMIZATION_LEVEL = 0;
				GCC_PREPROCESSOR_DEFINITIONS = (
					"DEBUG=1",
					"$(inherited)",
				);
				GCC_WARN_64_TO_32_BIT_CONVERSION = YES;
				GCC_WARN_ABOUT_RETURN_TYPE = YES_ERROR;
				GCC_WARN_UNDECLARED_SELECTOR = YES;
				GCC_WARN_UNINITIALIZED_AUTOS = YES_AGGRESSIVE;
				GCC_WARN_UNUSED_FUNCTION = YES;
				GCC_WARN_UNUSED_VARIABLE = YES;
				IPHONEOS_DEPLOYMENT_TARGET = 15.2;
				MTL_ENABLE_DEBUG_INFO = INCLUDE_SOURCE;
				MTL_FAST_MATH = YES;
				ONLY_ACTIVE_ARCH = YES;
				SDKROOT = iphoneos;
				SWIFT_ACTIVE_COMPILATION_CONDITIONS = DEBUG;
				SWIFT_OPTIMIZATION_LEVEL = "-Onone";
			};
			name = Debug;
		};
		B1C83F9F27D51DA50036D054 /* Release */ = {
			isa = XCBuildConfiguration;
			buildSettings = {
				ALWAYS_SEARCH_USER_PATHS = NO;
				CLANG_ANALYZER_NONNULL = YES;
				CLANG_ANALYZER_NUMBER_OBJECT_CONVERSION = YES_AGGRESSIVE;
				CLANG_CXX_LANGUAGE_STANDARD = "gnu++17";
				CLANG_CXX_LIBRARY = "libc++";
				CLANG_ENABLE_MODULES = YES;
				CLANG_ENABLE_OBJC_ARC = YES;
				CLANG_ENABLE_OBJC_WEAK = YES;
				CLANG_WARN_BLOCK_CAPTURE_AUTORELEASING = YES;
				CLANG_WARN_BOOL_CONVERSION = YES;
				CLANG_WARN_COMMA = YES;
				CLANG_WARN_CONSTANT_CONVERSION = YES;
				CLANG_WARN_DEPRECATED_OBJC_IMPLEMENTATIONS = YES;
				CLANG_WARN_DIRECT_OBJC_ISA_USAGE = YES_ERROR;
				CLANG_WARN_DOCUMENTATION_COMMENTS = YES;
				CLANG_WARN_EMPTY_BODY = YES;
				CLANG_WARN_ENUM_CONVERSION = YES;
				CLANG_WARN_INFINITE_RECURSION = YES;
				CLANG_WARN_INT_CONVERSION = YES;
				CLANG_WARN_NON_LITERAL_NULL_CONVERSION = YES;
				CLANG_WARN_OBJC_IMPLICIT_RETAIN_SELF = YES;
				CLANG_WARN_OBJC_LITERAL_CONVERSION = YES;
				CLANG_WARN_OBJC_ROOT_CLASS = YES_ERROR;
				CLANG_WARN_QUOTED_INCLUDE_IN_FRAMEWORK_HEADER = YES;
				CLANG_WARN_RANGE_LOOP_ANALYSIS = YES;
				CLANG_WARN_STRICT_PROTOTYPES = YES;
				CLANG_WARN_SUSPICIOUS_MOVE = YES;
				CLANG_WARN_UNGUARDED_AVAILABILITY = YES_AGGRESSIVE;
				CLANG_WARN_UNREACHABLE_CODE = YES;
				CLANG_WARN__DUPLICATE_METHOD_MATCH = YES;
				COPY_PHASE_STRIP = NO;
				DEBUG_INFORMATION_FORMAT = "dwarf-with-dsym";
				ENABLE_NS_ASSERTIONS = NO;
				ENABLE_STRICT_OBJC_MSGSEND = YES;
				GCC_C_LANGUAGE_STANDARD = gnu11;
				GCC_NO_COMMON_BLOCKS = YES;
				GCC_WARN_64_TO_32_BIT_CONVERSION = YES;
				GCC_WARN_ABOUT_RETURN_TYPE = YES_ERROR;
				GCC_WARN_UNDECLARED_SELECTOR = YES;
				GCC_WARN_UNINITIALIZED_AUTOS = YES_AGGRESSIVE;
				GCC_WARN_UNUSED_FUNCTION = YES;
				GCC_WARN_UNUSED_VARIABLE = YES;
				IPHONEOS_DEPLOYMENT_TARGET = 15.2;
				MTL_ENABLE_DEBUG_INFO = NO;
				MTL_FAST_MATH = YES;
				SDKROOT = iphoneos;
				SWIFT_COMPILATION_MODE = wholemodule;
				SWIFT_OPTIMIZATION_LEVEL = "-O";
				VALIDATE_PRODUCT = YES;
			};
			name = Release;
		};
		B1C83FA127D51DA50036D054 /* Debug */ = {
			isa = XCBuildConfiguration;
			buildSettings = {
				ASSETCATALOG_COMPILER_APPICON_NAME = AppIcon;
				ASSETCATALOG_COMPILER_GLOBAL_ACCENT_COLOR_NAME = AccentColor;
				CODE_SIGN_STYLE = Automatic;
				CURRENT_PROJECT_VERSION = 1;
				DEVELOPMENT_ASSET_PATHS = "\"Landmarks/Preview Content\"";
				ENABLE_PREVIEWS = YES;
				GENERATE_INFOPLIST_FILE = YES;
				INFOPLIST_KEY_UIApplicationSceneManifest_Generation = YES;
				INFOPLIST_KEY_UIApplicationSupportsIndirectInputEvents = YES;
				INFOPLIST_KEY_UILaunchScreen_Generation = YES;
				INFOPLIST_KEY_UISupportedInterfaceOrientations_iPad = "UIInterfaceOrientationPortrait UIInterfaceOrientationPortraitUpsideDown UIInterfaceOrientationLandscapeLeft UIInterfaceOrientationLandscapeRight";
				INFOPLIST_KEY_UISupportedInterfaceOrientations_iPhone = "UIInterfaceOrientationPortrait UIInterfaceOrientationLandscapeLeft UIInterfaceOrientationLandscapeRight";
				LD_RUNPATH_SEARCH_PATHS = (
					"$(inherited)",
					"@executable_path/Frameworks",
				);
				MARKETING_VERSION = 1.0;
				PRODUCT_BUNDLE_IDENTIFIER = lgw9898.Landmarks;
				PRODUCT_NAME = "$(TARGET_NAME)";
				SWIFT_EMIT_LOC_STRINGS = YES;
				SWIFT_VERSION = 5.0;
				TARGETED_DEVICE_FAMILY = "1,2";
			};
			name = Debug;
		};
		B1C83FA227D51DA50036D054 /* Release */ = {
			isa = XCBuildConfiguration;
			buildSettings = {
				ASSETCATALOG_COMPILER_APPICON_NAME = AppIcon;
				ASSETCATALOG_COMPILER_GLOBAL_ACCENT_COLOR_NAME = AccentColor;
				CODE_SIGN_STYLE = Automatic;
				CURRENT_PROJECT_VERSION = 1;
				DEVELOPMENT_ASSET_PATHS = "\"Landmarks/Preview Content\"";
				ENABLE_PREVIEWS = YES;
				GENERATE_INFOPLIST_FILE = YES;
				INFOPLIST_KEY_UIApplicationSceneManifest_Generation = YES;
				INFOPLIST_KEY_UIApplicationSupportsIndirectInputEvents = YES;
				INFOPLIST_KEY_UILaunchScreen_Generation = YES;
				INFOPLIST_KEY_UISupportedInterfaceOrientations_iPad = "UIInterfaceOrientationPortrait UIInterfaceOrientationPortraitUpsideDown UIInterfaceOrientationLandscapeLeft UIInterfaceOrientationLandscapeRight";
				INFOPLIST_KEY_UISupportedInterfaceOrientations_iPhone = "UIInterfaceOrientationPortrait UIInterfaceOrientationLandscapeLeft UIInterfaceOrientationLandscapeRight";
				LD_RUNPATH_SEARCH_PATHS = (
					"$(inherited)",
					"@executable_path/Frameworks",
				);
				MARKETING_VERSION = 1.0;
				PRODUCT_BUNDLE_IDENTIFIER = lgw9898.Landmarks;
				PRODUCT_NAME = "$(TARGET_NAME)";
				SWIFT_EMIT_LOC_STRINGS = YES;
				SWIFT_VERSION = 5.0;
				TARGETED_DEVICE_FAMILY = "1,2";
			};
			name = Release;
		};
		B1DF201827DF1C5E0089F92B /* Debug */ = {
			isa = XCBuildConfiguration;
			buildSettings = {
				ASSETCATALOG_COMPILER_COMPLICATION_NAME = Complication;
				CODE_SIGN_STYLE = Automatic;
				CURRENT_PROJECT_VERSION = 1;
				DEVELOPMENT_ASSET_PATHS = "\"WatchLandmarks WatchKit Extension/Preview Content\"";
				ENABLE_PREVIEWS = YES;
				GENERATE_INFOPLIST_FILE = YES;
				INFOPLIST_FILE = "WatchLandmarks WatchKit Extension/Info.plist";
				INFOPLIST_KEY_CFBundleDisplayName = "WatchLandmarks WatchKit Extension";
				INFOPLIST_KEY_CLKComplicationPrincipalClass = WatchLandmarks_WatchKit_Extension.ComplicationController;
				INFOPLIST_KEY_NSHumanReadableCopyright = "";
				INFOPLIST_KEY_WKRunsIndependentlyOfCompanionApp = YES;
				LD_RUNPATH_SEARCH_PATHS = (
					"$(inherited)",
					"@executable_path/Frameworks",
					"@executable_path/../../Frameworks",
				);
				MARKETING_VERSION = 1.0;
				PRODUCT_BUNDLE_IDENTIFIER = lgw9898.Landmarks.watchkitapp.watchkitextension;
				PRODUCT_NAME = "${TARGET_NAME}";
				SDKROOT = watchos;
				SKIP_INSTALL = YES;
				SWIFT_EMIT_LOC_STRINGS = YES;
				SWIFT_VERSION = 5.0;
				TARGETED_DEVICE_FAMILY = 4;
				WATCHOS_DEPLOYMENT_TARGET = 8.3;
			};
			name = Debug;
		};
		B1DF201927DF1C5E0089F92B /* Release */ = {
			isa = XCBuildConfiguration;
			buildSettings = {
				ASSETCATALOG_COMPILER_COMPLICATION_NAME = Complication;
				CODE_SIGN_STYLE = Automatic;
				CURRENT_PROJECT_VERSION = 1;
				DEVELOPMENT_ASSET_PATHS = "\"WatchLandmarks WatchKit Extension/Preview Content\"";
				ENABLE_PREVIEWS = YES;
				GENERATE_INFOPLIST_FILE = YES;
				INFOPLIST_FILE = "WatchLandmarks WatchKit Extension/Info.plist";
				INFOPLIST_KEY_CFBundleDisplayName = "WatchLandmarks WatchKit Extension";
				INFOPLIST_KEY_CLKComplicationPrincipalClass = WatchLandmarks_WatchKit_Extension.ComplicationController;
				INFOPLIST_KEY_NSHumanReadableCopyright = "";
				INFOPLIST_KEY_WKRunsIndependentlyOfCompanionApp = YES;
				LD_RUNPATH_SEARCH_PATHS = (
					"$(inherited)",
					"@executable_path/Frameworks",
					"@executable_path/../../Frameworks",
				);
				MARKETING_VERSION = 1.0;
				PRODUCT_BUNDLE_IDENTIFIER = lgw9898.Landmarks.watchkitapp.watchkitextension;
				PRODUCT_NAME = "${TARGET_NAME}";
				SDKROOT = watchos;
				SKIP_INSTALL = YES;
				SWIFT_EMIT_LOC_STRINGS = YES;
				SWIFT_VERSION = 5.0;
				TARGETED_DEVICE_FAMILY = 4;
				WATCHOS_DEPLOYMENT_TARGET = 8.3;
			};
			name = Release;
		};
		B1DF201C27DF1C5E0089F92B /* Debug */ = {
			isa = XCBuildConfiguration;
			buildSettings = {
				ALWAYS_EMBED_SWIFT_STANDARD_LIBRARIES = YES;
				ASSETCATALOG_COMPILER_APPICON_NAME = AppIcon;
				ASSETCATALOG_COMPILER_GLOBAL_ACCENT_COLOR_NAME = AccentColor;
				CODE_SIGN_STYLE = Automatic;
				CURRENT_PROJECT_VERSION = 1;
				GENERATE_INFOPLIST_FILE = YES;
				IBSC_MODULE = WatchLandmarks_WatchKit_Extension;
				INFOPLIST_KEY_CFBundleDisplayName = WatchLandmarks;
				INFOPLIST_KEY_UISupportedInterfaceOrientations = "UIInterfaceOrientationPortrait UIInterfaceOrientationPortraitUpsideDown";
				INFOPLIST_KEY_WKCompanionAppBundleIdentifier = lgw9898.Landmarks;
				MARKETING_VERSION = 1.0;
				PRODUCT_BUNDLE_IDENTIFIER = lgw9898.Landmarks.watchkitapp;
				PRODUCT_NAME = "$(TARGET_NAME)";
				SDKROOT = watchos;
				SKIP_INSTALL = YES;
				SWIFT_EMIT_LOC_STRINGS = YES;
				SWIFT_VERSION = 5.0;
				TARGETED_DEVICE_FAMILY = 4;
				WATCHOS_DEPLOYMENT_TARGET = 8.3;
			};
			name = Debug;
		};
		B1DF201D27DF1C5E0089F92B /* Release */ = {
			isa = XCBuildConfiguration;
			buildSettings = {
				ALWAYS_EMBED_SWIFT_STANDARD_LIBRARIES = YES;
				ASSETCATALOG_COMPILER_APPICON_NAME = AppIcon;
				ASSETCATALOG_COMPILER_GLOBAL_ACCENT_COLOR_NAME = AccentColor;
				CODE_SIGN_STYLE = Automatic;
				CURRENT_PROJECT_VERSION = 1;
				GENERATE_INFOPLIST_FILE = YES;
				IBSC_MODULE = WatchLandmarks_WatchKit_Extension;
				INFOPLIST_KEY_CFBundleDisplayName = WatchLandmarks;
				INFOPLIST_KEY_UISupportedInterfaceOrientations = "UIInterfaceOrientationPortrait UIInterfaceOrientationPortraitUpsideDown";
				INFOPLIST_KEY_WKCompanionAppBundleIdentifier = lgw9898.Landmarks;
				MARKETING_VERSION = 1.0;
				PRODUCT_BUNDLE_IDENTIFIER = lgw9898.Landmarks.watchkitapp;
				PRODUCT_NAME = "$(TARGET_NAME)";
				SDKROOT = watchos;
				SKIP_INSTALL = YES;
				SWIFT_EMIT_LOC_STRINGS = YES;
				SWIFT_VERSION = 5.0;
				TARGETED_DEVICE_FAMILY = 4;
				WATCHOS_DEPLOYMENT_TARGET = 8.3;
			};
			name = Release;
		};
/* End XCBuildConfiguration section */

/* Begin XCConfigurationList section */
		B1C83F8D27D51DA30036D054 /* Build configuration list for PBXProject "Landmarks" */ = {
			isa = XCConfigurationList;
			buildConfigurations = (
				B1C83F9E27D51DA50036D054 /* Debug */,
				B1C83F9F27D51DA50036D054 /* Release */,
			);
			defaultConfigurationIsVisible = 0;
			defaultConfigurationName = Release;
		};
		B1C83FA027D51DA50036D054 /* Build configuration list for PBXNativeTarget "Landmarks" */ = {
			isa = XCConfigurationList;
			buildConfigurations = (
				B1C83FA127D51DA50036D054 /* Debug */,
				B1C83FA227D51DA50036D054 /* Release */,
			);
			defaultConfigurationIsVisible = 0;
			defaultConfigurationName = Release;
		};
		B1DF201727DF1C5E0089F92B /* Build configuration list for PBXNativeTarget "WatchLandmarks WatchKit Extension" */ = {
			isa = XCConfigurationList;
			buildConfigurations = (
				B1DF201827DF1C5E0089F92B /* Debug */,
				B1DF201927DF1C5E0089F92B /* Release */,
			);
			defaultConfigurationIsVisible = 0;
			defaultConfigurationName = Release;
		};
		B1DF201B27DF1C5E0089F92B /* Build configuration list for PBXNativeTarget "WatchLandmarks" */ = {
			isa = XCConfigurationList;
			buildConfigurations = (
				B1DF201C27DF1C5E0089F92B /* Debug */,
				B1DF201D27DF1C5E0089F92B /* Release */,
			);
			defaultConfigurationIsVisible = 0;
			defaultConfigurationName = Release;
		};
/* End XCConfigurationList section */
	};
	rootObject = B1C83F8A27D51DA30036D054 /* Project object */;
}
