// !$*UTF8*$!
{
	archiveVersion = 1;
	classes = {
	};
	objectVersion = 55;
	objects = {

/* Begin PBXBuildFile section */
		B1567B0B27D78FD8004ABBFD /* LandmarkDetail.swift in Sources */ = {isa = PBXBuildFile; fileRef = B1567B0A27D78FD8004ABBFD /* LandmarkDetail.swift */; };
		B1567B0D27D8BBC8004ABBFD /* FavoriteButton.swift in Sources */ = {isa = PBXBuildFile; fileRef = B1567B0C27D8BBC8004ABBFD /* FavoriteButton.swift */; };
		B1567B1127D8C4B5004ABBFD /* HexagonParameters.swift in Sources */ = {isa = PBXBuildFile; fileRef = B1567B1027D8C4B5004ABBFD /* HexagonParameters.swift */; };
		B1567B1327D8FE2B004ABBFD /* BadgeBackground.swift in Sources */ = {isa = PBXBuildFile; fileRef = B1567B1227D8FE2B004ABBFD /* BadgeBackground.swift */; };
		B1C83F9627D51DA30036D054 /* LandmarksApp.swift in Sources */ = {isa = PBXBuildFile; fileRef = B1C83F9527D51DA30036D054 /* LandmarksApp.swift */; };
		B1C83F9827D51DA30036D054 /* ContentView.swift in Sources */ = {isa = PBXBuildFile; fileRef = B1C83F9727D51DA30036D054 /* ContentView.swift */; };
		B1C83F9A27D51DA50036D054 /* Assets.xcassets in Resources */ = {isa = PBXBuildFile; fileRef = B1C83F9927D51DA50036D054 /* Assets.xcassets */; };
		B1C83F9D27D51DA50036D054 /* Preview Assets.xcassets in Resources */ = {isa = PBXBuildFile; fileRef = B1C83F9C27D51DA50036D054 /* Preview Assets.xcassets */; };
		B1C83FA427D52B180036D054 /* CircleImage.swift in Sources */ = {isa = PBXBuildFile; fileRef = B1C83FA327D52B180036D054 /* CircleImage.swift */; };
		B1C83FA627D52D0E0036D054 /* MapView.swift in Sources */ = {isa = PBXBuildFile; fileRef = B1C83FA527D52D0E0036D054 /* MapView.swift */; };
		B1C83FA827D538430036D054 /* landmarkData.json in Resources */ = {isa = PBXBuildFile; fileRef = B1C83FA727D538430036D054 /* landmarkData.json */; };
		B1C83FAA27D538700036D054 /* Landmark.swift in Sources */ = {isa = PBXBuildFile; fileRef = B1C83FA927D538700036D054 /* Landmark.swift */; };
		B1C83FAD27D637A60036D054 /* ModelData.swift in Sources */ = {isa = PBXBuildFile; fileRef = B1C83FAC27D637A60036D054 /* ModelData.swift */; };
		B1C83FB227D65F860036D054 /* LandmarkRow.swift in Sources */ = {isa = PBXBuildFile; fileRef = B1C83FB127D65F860036D054 /* LandmarkRow.swift */; };
		B1C83FB427D66CB70036D054 /* LandmarkList.swift in Sources */ = {isa = PBXBuildFile; fileRef = B1C83FB327D66CB70036D054 /* LandmarkList.swift */; };
		B1D89BF027D9ADDB00EE930B /* BadgeSymbol.swift in Sources */ = {isa = PBXBuildFile; fileRef = B1D89BEF27D9ADDB00EE930B /* BadgeSymbol.swift */; };
		B1D89BF227D9B78500EE930B /* RotatedBadgeSymbol.swift in Sources */ = {isa = PBXBuildFile; fileRef = B1D89BF127D9B78500EE930B /* RotatedBadgeSymbol.swift */; };
		B1D89BF427D9B84400EE930B /* Badge.swift in Sources */ = {isa = PBXBuildFile; fileRef = B1D89BF327D9B84400EE930B /* Badge.swift */; };
/* End PBXBuildFile section */

/* Begin PBXFileReference section */
		B1567B0A27D78FD8004ABBFD /* LandmarkDetail.swift */ = {isa = PBXFileReference; lastKnownFileType = sourcecode.swift; path = LandmarkDetail.swift; sourceTree = "<group>"; };
		B1567B0C27D8BBC8004ABBFD /* FavoriteButton.swift */ = {isa = PBXFileReference; lastKnownFileType = sourcecode.swift; path = FavoriteButton.swift; sourceTree = "<group>"; };
		B1567B1027D8C4B5004ABBFD /* HexagonParameters.swift */ = {isa = PBXFileReference; lastKnownFileType = sourcecode.swift; path = HexagonParameters.swift; sourceTree = "<group>"; };
		B1567B1227D8FE2B004ABBFD /* BadgeBackground.swift */ = {isa = PBXFileReference; lastKnownFileType = sourcecode.swift; path = BadgeBackground.swift; sourceTree = "<group>"; };
		B1C83F9227D51DA30036D054 /* Landmarks.app */ = {isa = PBXFileReference; explicitFileType = wrapper.application; includeInIndex = 0; path = Landmarks.app; sourceTree = BUILT_PRODUCTS_DIR; };
		B1C83F9527D51DA30036D054 /* LandmarksApp.swift */ = {isa = PBXFileReference; lastKnownFileType = sourcecode.swift; path = LandmarksApp.swift; sourceTree = "<group>"; };
		B1C83F9727D51DA30036D054 /* ContentView.swift */ = {isa = PBXFileReference; lastKnownFileType = sourcecode.swift; path = ContentView.swift; sourceTree = "<group>"; };
		B1C83F9927D51DA50036D054 /* Assets.xcassets */ = {isa = PBXFileReference; lastKnownFileType = folder.assetcatalog; path = Assets.xcassets; sourceTree = "<group>"; };
		B1C83F9C27D51DA50036D054 /* Preview Assets.xcassets */ = {isa = PBXFileReference; lastKnownFileType = folder.assetcatalog; path = "Preview Assets.xcassets"; sourceTree = "<group>"; };
		B1C83FA327D52B180036D054 /* CircleImage.swift */ = {isa = PBXFileReference; lastKnownFileType = sourcecode.swift; path = CircleImage.swift; sourceTree = "<group>"; };
		B1C83FA527D52D0E0036D054 /* MapView.swift */ = {isa = PBXFileReference; lastKnownFileType = sourcecode.swift; path = MapView.swift; sourceTree = "<group>"; };
		B1C83FA727D538430036D054 /* landmarkData.json */ = {isa = PBXFileReference; fileEncoding = 4; lastKnownFileType = text.json; path = landmarkData.json; sourceTree = "<group>"; };
		B1C83FA927D538700036D054 /* Landmark.swift */ = {isa = PBXFileReference; lastKnownFileType = sourcecode.swift; path = Landmark.swift; sourceTree = "<group>"; };
		B1C83FAC27D637A60036D054 /* ModelData.swift */ = {isa = PBXFileReference; lastKnownFileType = sourcecode.swift; path = ModelData.swift; sourceTree = "<group>"; };
		B1C83FB127D65F860036D054 /* LandmarkRow.swift */ = {isa = PBXFileReference; lastKnownFileType = sourcecode.swift; path = LandmarkRow.swift; sourceTree = "<group>"; };
		B1C83FB327D66CB70036D054 /* LandmarkList.swift */ = {isa = PBXFileReference; lastKnownFileType = sourcecode.swift; path = LandmarkList.swift; sourceTree = "<group>"; };
		B1D89BEF27D9ADDB00EE930B /* BadgeSymbol.swift */ = {isa = PBXFileReference; lastKnownFileType = sourcecode.swift; path = BadgeSymbol.swift; sourceTree = "<group>"; };
		B1D89BF127D9B78500EE930B /* RotatedBadgeSymbol.swift */ = {isa = PBXFileReference; lastKnownFileType = sourcecode.swift; path = RotatedBadgeSymbol.swift; sourceTree = "<group>"; };
		B1D89BF327D9B84400EE930B /* Badge.swift */ = {isa = PBXFileReference; lastKnownFileType = sourcecode.swift; path = Badge.swift; sourceTree = "<group>"; };
/* End PBXFileReference section */

/* Begin PBXFrameworksBuildPhase section */
		B1C83F8F27D51DA30036D054 /* Frameworks */ = {
			isa = PBXFrameworksBuildPhase;
			buildActionMask = 2147483647;
			files = (
			);
			runOnlyForDeploymentPostprocessing = 0;
		};
/* End PBXFrameworksBuildPhase section */

/* Begin PBXGroup section */
		B1567B0E27D8BE25004ABBFD /* Landmarks */ = {
			isa = PBXGroup;
			children = (
				B1C83FB127D65F860036D054 /* LandmarkRow.swift */,
				B1C83FB327D66CB70036D054 /* LandmarkList.swift */,
				B1567B0A27D78FD8004ABBFD /* LandmarkDetail.swift */,
			);
			path = Landmarks;
			sourceTree = "<group>";
		};
		B1567B0F27D8BE38004ABBFD /* Helpers */ = {
			isa = PBXGroup;
			children = (
				B1C83FA327D52B180036D054 /* CircleImage.swift */,
				B1C83FA527D52D0E0036D054 /* MapView.swift */,
				B1567B0C27D8BBC8004ABBFD /* FavoriteButton.swift */,
			);
			path = Helpers;
			sourceTree = "<group>";
		};
		B1C83F8927D51DA30036D054 = {
			isa = PBXGroup;
			children = (
				B1C83F9427D51DA30036D054 /* Landmarks */,
				B1C83F9327D51DA30036D054 /* Products */,
			);
			sourceTree = "<group>";
		};
		B1C83F9327D51DA30036D054 /* Products */ = {
			isa = PBXGroup;
			children = (
				B1C83F9227D51DA30036D054 /* Landmarks.app */,
			);
			name = Products;
			sourceTree = "<group>";
		};
		B1C83F9427D51DA30036D054 /* Landmarks */ = {
			isa = PBXGroup;
			children = (
				B1C83F9527D51DA30036D054 /* LandmarksApp.swift */,
				B1C83FAE27D638EE0036D054 /* Views */,
				B1C83FAF27D638FB0036D054 /* Model */,
				B1C83FB027D6390A0036D054 /* Resources */,
				B1C83F9927D51DA50036D054 /* Assets.xcassets */,
				B1C83F9B27D51DA50036D054 /* Preview Content */,
			);
			path = Landmarks;
			sourceTree = "<group>";
		};
		B1C83F9B27D51DA50036D054 /* Preview Content */ = {
			isa = PBXGroup;
			children = (
				B1C83F9C27D51DA50036D054 /* Preview Assets.xcassets */,
			);
			path = "Preview Content";
			sourceTree = "<group>";
		};
		B1C83FAE27D638EE0036D054 /* Views */ = {
			isa = PBXGroup;
			children = (
				B1C83F9727D51DA30036D054 /* ContentView.swift */,
				B1567B0E27D8BE25004ABBFD /* Landmarks */,
				B1567B0F27D8BE38004ABBFD /* Helpers */,
				B1D89BF527D9BA5700EE930B /* Bagdes */,
			);
			path = Views;
			sourceTree = "<group>";
		};
		B1C83FAF27D638FB0036D054 /* Model */ = {
			isa = PBXGroup;
			children = (
				B1C83FAC27D637A60036D054 /* ModelData.swift */,
				B1C83FA927D538700036D054 /* Landmark.swift */,
			);
			path = Model;
			sourceTree = "<group>";
		};
		B1C83FB027D6390A0036D054 /* Resources */ = {
			isa = PBXGroup;
			children = (
				B1C83FA727D538430036D054 /* landmarkData.json */,
			);
			path = Resources;
			sourceTree = "<group>";
		};
		B1D89BF527D9BA5700EE930B /* Bagdes */ = {
			isa = PBXGroup;
			children = (
				B1D89BF327D9B84400EE930B /* Badge.swift */,
				B1567B1227D8FE2B004ABBFD /* BadgeBackground.swift */,
				B1D89BEF27D9ADDB00EE930B /* BadgeSymbol.swift */,
				B1D89BF127D9B78500EE930B /* RotatedBadgeSymbol.swift */,
				B1567B1027D8C4B5004ABBFD /* HexagonParameters.swift */,
			);
			path = Bagdes;
			sourceTree = "<group>";
		};
/* End PBXGroup section */

/* Begin PBXNativeTarget section */
		B1C83F9127D51DA30036D054 /* Landmarks */ = {
			isa = PBXNativeTarget;
			buildConfigurationList = B1C83FA027D51DA50036D054 /* Build configuration list for PBXNativeTarget "Landmarks" */;
			buildPhases = (
				B1C83F8E27D51DA30036D054 /* Sources */,
				B1C83F8F27D51DA30036D054 /* Frameworks */,
				B1C83F9027D51DA30036D054 /* Resources */,
			);
			buildRules = (
			);
			dependencies = (
			);
			name = Landmarks;
			productName = Landmarks;
			productReference = B1C83F9227D51DA30036D054 /* Landmarks.app */;
			productType = "com.apple.product-type.application";
		};
/* End PBXNativeTarget section */

/* Begin PBXProject section */
		B1C83F8A27D51DA30036D054 /* Project object */ = {
			isa = PBXProject;
			attributes = {
				BuildIndependentTargetsInParallel = 1;
				LastSwiftUpdateCheck = 1320;
				LastUpgradeCheck = 1320;
				TargetAttributes = {
					B1C83F9127D51DA30036D054 = {
						CreatedOnToolsVersion = 13.2.1;
					};
				};
			};
			buildConfigurationList = B1C83F8D27D51DA30036D054 /* Build configuration list for PBXProject "Landmarks" */;
			compatibilityVersion = "Xcode 13.0";
			developmentRegion = en;
			hasScannedForEncodings = 0;
			knownRegions = (
				en,
				Base,
			);
			mainGroup = B1C83F8927D51DA30036D054;
			productRefGroup = B1C83F9327D51DA30036D054 /* Products */;
			projectDirPath = "";
			projectRoot = "";
			targets = (
				B1C83F9127D51DA30036D054 /* Landmarks */,
			);
		};
/* End PBXProject section */

/* Begin PBXResourcesBuildPhase section */
		B1C83F9027D51DA30036D054 /* Resources */ = {
			isa = PBXResourcesBuildPhase;
			buildActionMask = 2147483647;
			files = (
				B1C83F9D27D51DA50036D054 /* Preview Assets.xcassets in Resources */,
				B1C83F9A27D51DA50036D054 /* Assets.xcassets in Resources */,
				B1C83FA827D538430036D054 /* landmarkData.json in Resources */,
			);
			runOnlyForDeploymentPostprocessing = 0;
		};
/* End PBXResourcesBuildPhase section */

/* Begin PBXSourcesBuildPhase section */
		B1C83F8E27D51DA30036D054 /* Sources */ = {
			isa = PBXSourcesBuildPhase;
			buildActionMask = 2147483647;
			files = (
				B1C83F9827D51DA30036D054 /* ContentView.swift in Sources */,
				B1D89BF427D9B84400EE930B /* Badge.swift in Sources */,
				B1C83FA627D52D0E0036D054 /* MapView.swift in Sources */,
				B1C83F9627D51DA30036D054 /* LandmarksApp.swift in Sources */,
				B1567B0D27D8BBC8004ABBFD /* FavoriteButton.swift in Sources */,
				B1567B1127D8C4B5004ABBFD /* HexagonParameters.swift in Sources */,
				B1D89BF227D9B78500EE930B /* RotatedBadgeSymbol.swift in Sources */,
				B1D89BF027D9ADDB00EE930B /* BadgeSymbol.swift in Sources */,
				B1C83FB427D66CB70036D054 /* LandmarkList.swift in Sources */,
				B1567B0B27D78FD8004ABBFD /* LandmarkDetail.swift in Sources */,
				B1567B1327D8FE2B004ABBFD /* BadgeBackground.swift in Sources */,
				B1C83FA427D52B180036D054 /* CircleImage.swift in Sources */,
				B1C83FAA27D538700036D054 /* Landmark.swift in Sources */,
				B1C83FB227D65F860036D054 /* LandmarkRow.swift in Sources */,
				B1C83FAD27D637A60036D054 /* ModelData.swift in Sources */,
			);
			runOnlyForDeploymentPostprocessing = 0;
		};
/* End PBXSourcesBuildPhase section */

/* Begin XCBuildConfiguration section */
		B1C83F9E27D51DA50036D054 /* Debug */ = {
			isa = XCBuildConfiguration;
			buildSettings = {
				ALWAYS_SEARCH_USER_PATHS = NO;
				CLANG_ANALYZER_NONNULL = YES;
				CLANG_ANALYZER_NUMBER_OBJECT_CONVERSION = YES_AGGRESSIVE;
				CLANG_CXX_LANGUAGE_STANDARD = "gnu++17";
				CLANG_CXX_LIBRARY = "libc++";
				CLANG_ENABLE_MODULES = YES;
				CLANG_ENABLE_OBJC_ARC = YES;
				CLANG_ENABLE_OBJC_WEAK = YES;
				CLANG_WARN_BLOCK_CAPTURE_AUTORELEASING = YES;
				CLANG_WARN_BOOL_CONVERSION = YES;
				CLANG_WARN_COMMA = YES;
				CLANG_WARN_CONSTANT_CONVERSION = YES;
				CLANG_WARN_DEPRECATED_OBJC_IMPLEMENTATIONS = YES;
				CLANG_WARN_DIRECT_OBJC_ISA_USAGE = YES_ERROR;
				CLANG_WARN_DOCUMENTATION_COMMENTS = YES;
				CLANG_WARN_EMPTY_BODY = YES;
				CLANG_WARN_ENUM_CONVERSION = YES;
				CLANG_WARN_INFINITE_RECURSION = YES;
				CLANG_WARN_INT_CONVERSION = YES;
				CLANG_WARN_NON_LITERAL_NULL_CONVERSION = YES;
				CLANG_WARN_OBJC_IMPLICIT_RETAIN_SELF = YES;
				CLANG_WARN_OBJC_LITERAL_CONVERSION = YES;
				CLANG_WARN_OBJC_ROOT_CLASS = YES_ERROR;
				CLANG_WARN_QUOTED_INCLUDE_IN_FRAMEWORK_HEADER = YES;
				CLANG_WARN_RANGE_LOOP_ANALYSIS = YES;
				CLANG_WARN_STRICT_PROTOTYPES = YES;
				CLANG_WARN_SUSPICIOUS_MOVE = YES;
				CLANG_WARN_UNGUARDED_AVAILABILITY = YES_AGGRESSIVE;
				CLANG_WARN_UNREACHABLE_CODE = YES;
				CLANG_WARN__DUPLICATE_METHOD_MATCH = YES;
				COPY_PHASE_STRIP = NO;
				DEBUG_INFORMATION_FORMAT = dwarf;
				ENABLE_STRICT_OBJC_MSGSEND = YES;
				ENABLE_TESTABILITY = YES;
				GCC_C_LANGUAGE_STANDARD = gnu11;
				GCC_DYNAMIC_NO_PIC = NO;
				GCC_NO_COMMON_BLOCKS = YES;
				GCC_OPTIMIZATION_LEVEL = 0;
				GCC_PREPROCESSOR_DEFINITIONS = (
					"DEBUG=1",
					"$(inherited)",
				);
				GCC_WARN_64_TO_32_BIT_CONVERSION = YES;
				GCC_WARN_ABOUT_RETURN_TYPE = YES_ERROR;
				GCC_WARN_UNDECLARED_SELECTOR = YES;
				GCC_WARN_UNINITIALIZED_AUTOS = YES_AGGRESSIVE;
				GCC_WARN_UNUSED_FUNCTION = YES;
				GCC_WARN_UNUSED_VARIABLE = YES;
				IPHONEOS_DEPLOYMENT_TARGET = 15.2;
				MTL_ENABLE_DEBUG_INFO = INCLUDE_SOURCE;
				MTL_FAST_MATH = YES;
				ONLY_ACTIVE_ARCH = YES;
				SDKROOT = iphoneos;
				SWIFT_ACTIVE_COMPILATION_CONDITIONS = DEBUG;
				SWIFT_OPTIMIZATION_LEVEL = "-Onone";
			};
			name = Debug;
		};
		B1C83F9F27D51DA50036D054 /* Release */ = {
			isa = XCBuildConfiguration;
			buildSettings = {
				ALWAYS_SEARCH_USER_PATHS = NO;
				CLANG_ANALYZER_NONNULL = YES;
				CLANG_ANALYZER_NUMBER_OBJECT_CONVERSION = YES_AGGRESSIVE;
				CLANG_CXX_LANGUAGE_STANDARD = "gnu++17";
				CLANG_CXX_LIBRARY = "libc++";
				CLANG_ENABLE_MODULES = YES;
				CLANG_ENABLE_OBJC_ARC = YES;
				CLANG_ENABLE_OBJC_WEAK = YES;
				CLANG_WARN_BLOCK_CAPTURE_AUTORELEASING = YES;
				CLANG_WARN_BOOL_CONVERSION = YES;
				CLANG_WARN_COMMA = YES;
				CLANG_WARN_CONSTANT_CONVERSION = YES;
				CLANG_WARN_DEPRECATED_OBJC_IMPLEMENTATIONS = YES;
				CLANG_WARN_DIRECT_OBJC_ISA_USAGE = YES_ERROR;
				CLANG_WARN_DOCUMENTATION_COMMENTS = YES;
				CLANG_WARN_EMPTY_BODY = YES;
				CLANG_WARN_ENUM_CONVERSION = YES;
				CLANG_WARN_INFINITE_RECURSION = YES;
				CLANG_WARN_INT_CONVERSION = YES;
				CLANG_WARN_NON_LITERAL_NULL_CONVERSION = YES;
				CLANG_WARN_OBJC_IMPLICIT_RETAIN_SELF = YES;
				CLANG_WARN_OBJC_LITERAL_CONVERSION = YES;
				CLANG_WARN_OBJC_ROOT_CLASS = YES_ERROR;
				CLANG_WARN_QUOTED_INCLUDE_IN_FRAMEWORK_HEADER = YES;
				CLANG_WARN_RANGE_LOOP_ANALYSIS = YES;
				CLANG_WARN_STRICT_PROTOTYPES = YES;
				CLANG_WARN_SUSPICIOUS_MOVE = YES;
				CLANG_WARN_UNGUARDED_AVAILABILITY = YES_AGGRESSIVE;
				CLANG_WARN_UNREACHABLE_CODE = YES;
				CLANG_WARN__DUPLICATE_METHOD_MATCH = YES;
				COPY_PHASE_STRIP = NO;
				DEBUG_INFORMATION_FORMAT = "dwarf-with-dsym";
				ENABLE_NS_ASSERTIONS = NO;
				ENABLE_STRICT_OBJC_MSGSEND = YES;
				GCC_C_LANGUAGE_STANDARD = gnu11;
				GCC_NO_COMMON_BLOCKS = YES;
				GCC_WARN_64_TO_32_BIT_CONVERSION = YES;
				GCC_WARN_ABOUT_RETURN_TYPE = YES_ERROR;
				GCC_WARN_UNDECLARED_SELECTOR = YES;
				GCC_WARN_UNINITIALIZED_AUTOS = YES_AGGRESSIVE;
				GCC_WARN_UNUSED_FUNCTION = YES;
				GCC_WARN_UNUSED_VARIABLE = YES;
				IPHONEOS_DEPLOYMENT_TARGET = 15.2;
				MTL_ENABLE_DEBUG_INFO = NO;
				MTL_FAST_MATH = YES;
				SDKROOT = iphoneos;
				SWIFT_COMPILATION_MODE = wholemodule;
				SWIFT_OPTIMIZATION_LEVEL = "-O";
				VALIDATE_PRODUCT = YES;
			};
			name = Release;
		};
		B1C83FA127D51DA50036D054 /* Debug */ = {
			isa = XCBuildConfiguration;
			buildSettings = {
				ASSETCATALOG_COMPILER_APPICON_NAME = AppIcon;
				ASSETCATALOG_COMPILER_GLOBAL_ACCENT_COLOR_NAME = AccentColor;
				CODE_SIGN_STYLE = Automatic;
				CURRENT_PROJECT_VERSION = 1;
				DEVELOPMENT_ASSET_PATHS = "\"Landmarks/Preview Content\"";
				ENABLE_PREVIEWS = YES;
				GENERATE_INFOPLIST_FILE = YES;
				INFOPLIST_KEY_UIApplicationSceneManifest_Generation = YES;
				INFOPLIST_KEY_UIApplicationSupportsIndirectInputEvents = YES;
				INFOPLIST_KEY_UILaunchScreen_Generation = YES;
				INFOPLIST_KEY_UISupportedInterfaceOrientations_iPad = "UIInterfaceOrientationPortrait UIInterfaceOrientationPortraitUpsideDown UIInterfaceOrientationLandscapeLeft UIInterfaceOrientationLandscapeRight";
				INFOPLIST_KEY_UISupportedInterfaceOrientations_iPhone = "UIInterfaceOrientationPortrait UIInterfaceOrientationLandscapeLeft UIInterfaceOrientationLandscapeRight";
				LD_RUNPATH_SEARCH_PATHS = (
					"$(inherited)",
					"@executable_path/Frameworks",
				);
				MARKETING_VERSION = 1.0;
				PRODUCT_BUNDLE_IDENTIFIER = lgw9898.Landmarks;
				PRODUCT_NAME = "$(TARGET_NAME)";
				SWIFT_EMIT_LOC_STRINGS = YES;
				SWIFT_VERSION = 5.0;
				TARGETED_DEVICE_FAMILY = "1,2";
			};
			name = Debug;
		};
		B1C83FA227D51DA50036D054 /* Release */ = {
			isa = XCBuildConfiguration;
			buildSettings = {
				ASSETCATALOG_COMPILER_APPICON_NAME = AppIcon;
				ASSETCATALOG_COMPILER_GLOBAL_ACCENT_COLOR_NAME = AccentColor;
				CODE_SIGN_STYLE = Automatic;
				CURRENT_PROJECT_VERSION = 1;
				DEVELOPMENT_ASSET_PATHS = "\"Landmarks/Preview Content\"";
				ENABLE_PREVIEWS = YES;
				GENERATE_INFOPLIST_FILE = YES;
				INFOPLIST_KEY_UIApplicationSceneManifest_Generation = YES;
				INFOPLIST_KEY_UIApplicationSupportsIndirectInputEvents = YES;
				INFOPLIST_KEY_UILaunchScreen_Generation = YES;
				INFOPLIST_KEY_UISupportedInterfaceOrientations_iPad = "UIInterfaceOrientationPortrait UIInterfaceOrientationPortraitUpsideDown UIInterfaceOrientationLandscapeLeft UIInterfaceOrientationLandscapeRight";
				INFOPLIST_KEY_UISupportedInterfaceOrientations_iPhone = "UIInterfaceOrientationPortrait UIInterfaceOrientationLandscapeLeft UIInterfaceOrientationLandscapeRight";
				LD_RUNPATH_SEARCH_PATHS = (
					"$(inherited)",
					"@executable_path/Frameworks",
				);
				MARKETING_VERSION = 1.0;
				PRODUCT_BUNDLE_IDENTIFIER = lgw9898.Landmarks;
				PRODUCT_NAME = "$(TARGET_NAME)";
				SWIFT_EMIT_LOC_STRINGS = YES;
				SWIFT_VERSION = 5.0;
				TARGETED_DEVICE_FAMILY = "1,2";
			};
			name = Release;
		};
/* End XCBuildConfiguration section */

/* Begin XCConfigurationList section */
		B1C83F8D27D51DA30036D054 /* Build configuration list for PBXProject "Landmarks" */ = {
			isa = XCConfigurationList;
			buildConfigurations = (
				B1C83F9E27D51DA50036D054 /* Debug */,
				B1C83F9F27D51DA50036D054 /* Release */,
			);
			defaultConfigurationIsVisible = 0;
			defaultConfigurationName = Release;
		};
		B1C83FA027D51DA50036D054 /* Build configuration list for PBXNativeTarget "Landmarks" */ = {
			isa = XCConfigurationList;
			buildConfigurations = (
				B1C83FA127D51DA50036D054 /* Debug */,
				B1C83FA227D51DA50036D054 /* Release */,
			);
			defaultConfigurationIsVisible = 0;
			defaultConfigurationName = Release;
		};
/* End XCConfigurationList section */
	};
	rootObject = B1C83F8A27D51DA30036D054 /* Project object */;
}
